// !$*UTF8*$!
{
	archiveVersion = 1;
	classes = {
	};
	objectVersion = 50;
	objects = {

/* Begin PBXBuildFile section */
		EFC05B752512B31A000DC352 /* AppDelegate.swift in Sources */ = {isa = PBXBuildFile; fileRef = EFC05B742512B31A000DC352 /* AppDelegate.swift */; };
		EFC05B8B2512B3E0000DC352 /* main.swift in Sources */ = {isa = PBXBuildFile; fileRef = EFC05B892512B3E0000DC352 /* main.swift */; };
		EFC05B8C2512B3E0000DC352 /* SwiftySystem.swift in Sources */ = {isa = PBXBuildFile; fileRef = EFC05B8A2512B3E0000DC352 /* SwiftySystem.swift */; };
		EFC05B8E2512B41B000DC352 /* icon.iconset in Resources */ = {isa = PBXBuildFile; fileRef = EFC05B8D2512B41B000DC352 /* icon.iconset */; };
		EFC05B962512B469000DC352 /* FinderSync.swift in Sources */ = {isa = PBXBuildFile; fileRef = EFC05B952512B469000DC352 /* FinderSync.swift */; };
		EFC05B9B2512B469000DC352 /* PlaygroundFolderFinderSync.appex in Embed App Extensions */ = {isa = PBXBuildFile; fileRef = EFC05B932512B469000DC352 /* PlaygroundFolderFinderSync.appex */; settings = {ATTRIBUTES = (RemoveHeadersOnCopy, ); }; };
/* End PBXBuildFile section */

/* Begin PBXContainerItemProxy section */
		EFC05B992512B469000DC352 /* PBXContainerItemProxy */ = {
			isa = PBXContainerItemProxy;
			containerPortal = EFC05B692512B31A000DC352 /* Project object */;
			proxyType = 1;
			remoteGlobalIDString = EFC05B922512B469000DC352;
			remoteInfo = PlaygroundFolderFinderSync;
		};
/* End PBXContainerItemProxy section */

/* Begin PBXCopyFilesBuildPhase section */
		EFC05B9F2512B469000DC352 /* Embed App Extensions */ = {
			isa = PBXCopyFilesBuildPhase;
			buildActionMask = 2147483647;
			dstPath = "";
			dstSubfolderSpec = 13;
			files = (
				EFC05B9B2512B469000DC352 /* PlaygroundFolderFinderSync.appex in Embed App Extensions */,
			);
			name = "Embed App Extensions";
			runOnlyForDeploymentPostprocessing = 0;
		};
/* End PBXCopyFilesBuildPhase section */

/* Begin PBXFileReference section */
		EFC05B712512B31A000DC352 /* PlaygroundFolder.app */ = {isa = PBXFileReference; explicitFileType = wrapper.application; includeInIndex = 0; path = PlaygroundFolder.app; sourceTree = BUILT_PRODUCTS_DIR; };
		EFC05B742512B31A000DC352 /* AppDelegate.swift */ = {isa = PBXFileReference; lastKnownFileType = sourcecode.swift; path = AppDelegate.swift; sourceTree = "<group>"; };
		EFC05B802512B31B000DC352 /* Info.plist */ = {isa = PBXFileReference; lastKnownFileType = text.plist.xml; path = Info.plist; sourceTree = "<group>"; };
		EFC05B812512B31B000DC352 /* PlaygroundFolder.entitlements */ = {isa = PBXFileReference; lastKnownFileType = text.plist.entitlements; path = PlaygroundFolder.entitlements; sourceTree = "<group>"; };
		EFC05B892512B3E0000DC352 /* main.swift */ = {isa = PBXFileReference; fileEncoding = 4; lastKnownFileType = sourcecode.swift; path = main.swift; sourceTree = "<group>"; };
		EFC05B8A2512B3E0000DC352 /* SwiftySystem.swift */ = {isa = PBXFileReference; fileEncoding = 4; lastKnownFileType = sourcecode.swift; path = SwiftySystem.swift; sourceTree = "<group>"; };
		EFC05B8D2512B41B000DC352 /* icon.iconset */ = {isa = PBXFileReference; lastKnownFileType = folder.iconset; path = icon.iconset; sourceTree = "<group>"; };
		EFC05B932512B469000DC352 /* PlaygroundFolderFinderSync.appex */ = {isa = PBXFileReference; explicitFileType = "wrapper.app-extension"; includeInIndex = 0; path = PlaygroundFolderFinderSync.appex; sourceTree = BUILT_PRODUCTS_DIR; };
		EFC05B952512B469000DC352 /* FinderSync.swift */ = {isa = PBXFileReference; lastKnownFileType = sourcecode.swift; path = FinderSync.swift; sourceTree = "<group>"; };
		EFC05B972512B469000DC352 /* Info.plist */ = {isa = PBXFileReference; lastKnownFileType = text.plist.xml; path = Info.plist; sourceTree = "<group>"; };
		EFC05B982512B469000DC352 /* PlaygroundFolderFinderSync.entitlements */ = {isa = PBXFileReference; lastKnownFileType = text.plist.entitlements; path = PlaygroundFolderFinderSync.entitlements; sourceTree = "<group>"; };
/* End PBXFileReference section */

/* Begin PBXFrameworksBuildPhase section */
		EFC05B6E2512B31A000DC352 /* Frameworks */ = {
			isa = PBXFrameworksBuildPhase;
			buildActionMask = 2147483647;
			files = (
			);
			runOnlyForDeploymentPostprocessing = 0;
		};
		EFC05B902512B469000DC352 /* Frameworks */ = {
			isa = PBXFrameworksBuildPhase;
			buildActionMask = 2147483647;
			files = (
			);
			runOnlyForDeploymentPostprocessing = 0;
		};
/* End PBXFrameworksBuildPhase section */

/* Begin PBXGroup section */
		EFC05B682512B31A000DC352 = {
			isa = PBXGroup;
			children = (
				EFC05B732512B31A000DC352 /* PlaygroundFolder */,
				EFC05B942512B469000DC352 /* PlaygroundFolderFinderSync */,
				EFC05B722512B31A000DC352 /* Products */,
			);
			sourceTree = "<group>";
		};
		EFC05B722512B31A000DC352 /* Products */ = {
			isa = PBXGroup;
			children = (
				EFC05B712512B31A000DC352 /* PlaygroundFolder.app */,
				EFC05B932512B469000DC352 /* PlaygroundFolderFinderSync.appex */,
			);
			name = Products;
			sourceTree = "<group>";
		};
		EFC05B732512B31A000DC352 /* PlaygroundFolder */ = {
			isa = PBXGroup;
			children = (
				EFC05B8D2512B41B000DC352 /* icon.iconset */,
				EFC05B892512B3E0000DC352 /* main.swift */,
				EFC05B8A2512B3E0000DC352 /* SwiftySystem.swift */,
				EFC05B742512B31A000DC352 /* AppDelegate.swift */,
				EFC05B802512B31B000DC352 /* Info.plist */,
				EFC05B812512B31B000DC352 /* PlaygroundFolder.entitlements */,
			);
			path = PlaygroundFolder;
			sourceTree = "<group>";
		};
		EFC05B942512B469000DC352 /* PlaygroundFolderFinderSync */ = {
			isa = PBXGroup;
			children = (
				EFC05B952512B469000DC352 /* FinderSync.swift */,
				EFC05B972512B469000DC352 /* Info.plist */,
				EFC05B982512B469000DC352 /* PlaygroundFolderFinderSync.entitlements */,
			);
			path = PlaygroundFolderFinderSync;
			sourceTree = "<group>";
		};
/* End PBXGroup section */

/* Begin PBXNativeTarget section */
		EFC05B702512B31A000DC352 /* PlaygroundFolder */ = {
			isa = PBXNativeTarget;
			buildConfigurationList = EFC05B842512B31B000DC352 /* Build configuration list for PBXNativeTarget "PlaygroundFolder" */;
			buildPhases = (
				EFC05B6D2512B31A000DC352 /* Sources */,
				EFC05B6E2512B31A000DC352 /* Frameworks */,
				EFC05B6F2512B31A000DC352 /* Resources */,
				EFC05B9F2512B469000DC352 /* Embed App Extensions */,
			);
			buildRules = (
			);
			dependencies = (
				EFC05B9A2512B469000DC352 /* PBXTargetDependency */,
			);
			name = PlaygroundFolder;
			productName = PlaygroundFolder;
			productReference = EFC05B712512B31A000DC352 /* PlaygroundFolder.app */;
			productType = "com.apple.product-type.application";
		};
		EFC05B922512B469000DC352 /* PlaygroundFolderFinderSync */ = {
			isa = PBXNativeTarget;
			buildConfigurationList = EFC05B9C2512B469000DC352 /* Build configuration list for PBXNativeTarget "PlaygroundFolderFinderSync" */;
			buildPhases = (
				EFC05B8F2512B469000DC352 /* Sources */,
				EFC05B902512B469000DC352 /* Frameworks */,
				EFC05B912512B469000DC352 /* Resources */,
			);
			buildRules = (
			);
			dependencies = (
			);
			name = PlaygroundFolderFinderSync;
			productName = PlaygroundFolderFinderSync;
			productReference = EFC05B932512B469000DC352 /* PlaygroundFolderFinderSync.appex */;
			productType = "com.apple.product-type.app-extension";
		};
/* End PBXNativeTarget section */

/* Begin PBXProject section */
		EFC05B692512B31A000DC352 /* Project object */ = {
			isa = PBXProject;
			attributes = {
				LastSwiftUpdateCheck = 1170;
				LastUpgradeCheck = 1170;
				ORGANIZATIONNAME = "Inger van Boeijen";
				TargetAttributes = {
					EFC05B702512B31A000DC352 = {
						CreatedOnToolsVersion = 11.7;
					};
					EFC05B922512B469000DC352 = {
						CreatedOnToolsVersion = 11.7;
					};
				};
			};
			buildConfigurationList = EFC05B6C2512B31A000DC352 /* Build configuration list for PBXProject "PlaygroundFolder" */;
			compatibilityVersion = "Xcode 9.3";
			developmentRegion = en;
			hasScannedForEncodings = 0;
			knownRegions = (
				en,
				Base,
			);
			mainGroup = EFC05B682512B31A000DC352;
			productRefGroup = EFC05B722512B31A000DC352 /* Products */;
			projectDirPath = "";
			projectRoot = "";
			targets = (
				EFC05B702512B31A000DC352 /* PlaygroundFolder */,
				EFC05B922512B469000DC352 /* PlaygroundFolderFinderSync */,
			);
		};
/* End PBXProject section */

/* Begin PBXResourcesBuildPhase section */
		EFC05B6F2512B31A000DC352 /* Resources */ = {
			isa = PBXResourcesBuildPhase;
			buildActionMask = 2147483647;
			files = (
				EFC05B8E2512B41B000DC352 /* icon.iconset in Resources */,
			);
			runOnlyForDeploymentPostprocessing = 0;
		};
		EFC05B912512B469000DC352 /* Resources */ = {
			isa = PBXResourcesBuildPhase;
			buildActionMask = 2147483647;
			files = (
			);
			runOnlyForDeploymentPostprocessing = 0;
		};
/* End PBXResourcesBuildPhase section */

/* Begin PBXSourcesBuildPhase section */
		EFC05B6D2512B31A000DC352 /* Sources */ = {
			isa = PBXSourcesBuildPhase;
			buildActionMask = 2147483647;
			files = (
				EFC05B8C2512B3E0000DC352 /* SwiftySystem.swift in Sources */,
				EFC05B8B2512B3E0000DC352 /* main.swift in Sources */,
				EFC05B752512B31A000DC352 /* AppDelegate.swift in Sources */,
			);
			runOnlyForDeploymentPostprocessing = 0;
		};
		EFC05B8F2512B469000DC352 /* Sources */ = {
			isa = PBXSourcesBuildPhase;
			buildActionMask = 2147483647;
			files = (
				EFC05B962512B469000DC352 /* FinderSync.swift in Sources */,
			);
			runOnlyForDeploymentPostprocessing = 0;
		};
/* End PBXSourcesBuildPhase section */

/* Begin PBXTargetDependency section */
		EFC05B9A2512B469000DC352 /* PBXTargetDependency */ = {
			isa = PBXTargetDependency;
			target = EFC05B922512B469000DC352 /* PlaygroundFolderFinderSync */;
			targetProxy = EFC05B992512B469000DC352 /* PBXContainerItemProxy */;
		};
/* End PBXTargetDependency section */

/* Begin XCBuildConfiguration section */
		EFC05B822512B31B000DC352 /* Debug */ = {
			isa = XCBuildConfiguration;
			buildSettings = {
				ALWAYS_SEARCH_USER_PATHS = NO;
				CLANG_ANALYZER_NONNULL = YES;
				CLANG_ANALYZER_NUMBER_OBJECT_CONVERSION = YES_AGGRESSIVE;
				CLANG_CXX_LANGUAGE_STANDARD = "gnu++14";
				CLANG_CXX_LIBRARY = "libc++";
				CLANG_ENABLE_MODULES = YES;
				CLANG_ENABLE_OBJC_ARC = YES;
				CLANG_ENABLE_OBJC_WEAK = YES;
				CLANG_WARN_BLOCK_CAPTURE_AUTORELEASING = YES;
				CLANG_WARN_BOOL_CONVERSION = YES;
				CLANG_WARN_COMMA = YES;
				CLANG_WARN_CONSTANT_CONVERSION = YES;
				CLANG_WARN_DEPRECATED_OBJC_IMPLEMENTATIONS = YES;
				CLANG_WARN_DIRECT_OBJC_ISA_USAGE = YES_ERROR;
				CLANG_WARN_DOCUMENTATION_COMMENTS = YES;
				CLANG_WARN_EMPTY_BODY = YES;
				CLANG_WARN_ENUM_CONVERSION = YES;
				CLANG_WARN_INFINITE_RECURSION = YES;
				CLANG_WARN_INT_CONVERSION = YES;
				CLANG_WARN_NON_LITERAL_NULL_CONVERSION = YES;
				CLANG_WARN_OBJC_IMPLICIT_RETAIN_SELF = YES;
				CLANG_WARN_OBJC_LITERAL_CONVERSION = YES;
				CLANG_WARN_OBJC_ROOT_CLASS = YES_ERROR;
				CLANG_WARN_RANGE_LOOP_ANALYSIS = YES;
				CLANG_WARN_STRICT_PROTOTYPES = YES;
				CLANG_WARN_SUSPICIOUS_MOVE = YES;
				CLANG_WARN_UNGUARDED_AVAILABILITY = YES_AGGRESSIVE;
				CLANG_WARN_UNREACHABLE_CODE = YES;
				CLANG_WARN__DUPLICATE_METHOD_MATCH = YES;
				COPY_PHASE_STRIP = NO;
				DEBUG_INFORMATION_FORMAT = dwarf;
				ENABLE_STRICT_OBJC_MSGSEND = YES;
				ENABLE_TESTABILITY = YES;
				GCC_C_LANGUAGE_STANDARD = gnu11;
				GCC_DYNAMIC_NO_PIC = NO;
				GCC_NO_COMMON_BLOCKS = YES;
				GCC_OPTIMIZATION_LEVEL = 0;
				GCC_PREPROCESSOR_DEFINITIONS = (
					"DEBUG=1",
					"$(inherited)",
				);
				GCC_WARN_64_TO_32_BIT_CONVERSION = YES;
				GCC_WARN_ABOUT_RETURN_TYPE = YES_ERROR;
				GCC_WARN_UNDECLARED_SELECTOR = YES;
				GCC_WARN_UNINITIALIZED_AUTOS = YES_AGGRESSIVE;
				GCC_WARN_UNUSED_FUNCTION = YES;
				GCC_WARN_UNUSED_VARIABLE = YES;
				MACOSX_DEPLOYMENT_TARGET = 10.15;
				MTL_ENABLE_DEBUG_INFO = INCLUDE_SOURCE;
				MTL_FAST_MATH = YES;
				ONLY_ACTIVE_ARCH = YES;
				SDKROOT = macosx;
				SWIFT_ACTIVE_COMPILATION_CONDITIONS = DEBUG;
				SWIFT_OPTIMIZATION_LEVEL = "-Onone";
			};
			name = Debug;
		};
		EFC05B832512B31B000DC352 /* Release */ = {
			isa = XCBuildConfiguration;
			buildSettings = {
				ALWAYS_SEARCH_USER_PATHS = NO;
				CLANG_ANALYZER_NONNULL = YES;
				CLANG_ANALYZER_NUMBER_OBJECT_CONVERSION = YES_AGGRESSIVE;
				CLANG_CXX_LANGUAGE_STANDARD = "gnu++14";
				CLANG_CXX_LIBRARY = "libc++";
				CLANG_ENABLE_MODULES = YES;
				CLANG_ENABLE_OBJC_ARC = YES;
				CLANG_ENABLE_OBJC_WEAK = YES;
				CLANG_WARN_BLOCK_CAPTURE_AUTORELEASING = YES;
				CLANG_WARN_BOOL_CONVERSION = YES;
				CLANG_WARN_COMMA = YES;
				CLANG_WARN_CONSTANT_CONVERSION = YES;
				CLANG_WARN_DEPRECATED_OBJC_IMPLEMENTATIONS = YES;
				CLANG_WARN_DIRECT_OBJC_ISA_USAGE = YES_ERROR;
				CLANG_WARN_DOCUMENTATION_COMMENTS = YES;
				CLANG_WARN_EMPTY_BODY = YES;
				CLANG_WARN_ENUM_CONVERSION = YES;
				CLANG_WARN_INFINITE_RECURSION = YES;
				CLANG_WARN_INT_CONVERSION = YES;
				CLANG_WARN_NON_LITERAL_NULL_CONVERSION = YES;
				CLANG_WARN_OBJC_IMPLICIT_RETAIN_SELF = YES;
				CLANG_WARN_OBJC_LITERAL_CONVERSION = YES;
				CLANG_WARN_OBJC_ROOT_CLASS = YES_ERROR;
				CLANG_WARN_RANGE_LOOP_ANALYSIS = YES;
				CLANG_WARN_STRICT_PROTOTYPES = YES;
				CLANG_WARN_SUSPICIOUS_MOVE = YES;
				CLANG_WARN_UNGUARDED_AVAILABILITY = YES_AGGRESSIVE;
				CLANG_WARN_UNREACHABLE_CODE = YES;
				CLANG_WARN__DUPLICATE_METHOD_MATCH = YES;
				COPY_PHASE_STRIP = NO;
				DEBUG_INFORMATION_FORMAT = "dwarf-with-dsym";
				ENABLE_NS_ASSERTIONS = NO;
				ENABLE_STRICT_OBJC_MSGSEND = YES;
				GCC_C_LANGUAGE_STANDARD = gnu11;
				GCC_NO_COMMON_BLOCKS = YES;
				GCC_WARN_64_TO_32_BIT_CONVERSION = YES;
				GCC_WARN_ABOUT_RETURN_TYPE = YES_ERROR;
				GCC_WARN_UNDECLARED_SELECTOR = YES;
				GCC_WARN_UNINITIALIZED_AUTOS = YES_AGGRESSIVE;
				GCC_WARN_UNUSED_FUNCTION = YES;
				GCC_WARN_UNUSED_VARIABLE = YES;
				MACOSX_DEPLOYMENT_TARGET = 10.15;
				MTL_ENABLE_DEBUG_INFO = NO;
				MTL_FAST_MATH = YES;
				SDKROOT = macosx;
				SWIFT_COMPILATION_MODE = wholemodule;
				SWIFT_OPTIMIZATION_LEVEL = "-O";
			};
			name = Release;
		};
		EFC05B852512B31B000DC352 /* Debug */ = {
			isa = XCBuildConfiguration;
			buildSettings = {
				ALWAYS_EMBED_SWIFT_STANDARD_LIBRARIES = YES;
				ASSETCATALOG_COMPILER_APPICON_NAME = AppIcon;
				CODE_SIGN_ENTITLEMENTS = PlaygroundFolder/PlaygroundFolder.entitlements;
				CODE_SIGN_STYLE = Automatic;
				COMBINE_HIDPI_IMAGES = YES;
				DEVELOPMENT_ASSET_PATHS = "";
				ENABLE_PREVIEWS = YES;
				INFOPLIST_FILE = PlaygroundFolder/Info.plist;
				LD_RUNPATH_SEARCH_PATHS = (
					"$(inherited)",
					"@executable_path/../Frameworks",
				);
				MACOSX_DEPLOYMENT_TARGET = 10.15;
				PRODUCT_BUNDLE_IDENTIFIER = com.PlaygroundFolder;
				PRODUCT_NAME = "$(TARGET_NAME)";
				SWIFT_VERSION = 5.0;
			};
			name = Debug;
		};
		EFC05B862512B31B000DC352 /* Release */ = {
			isa = XCBuildConfiguration;
			buildSettings = {
				ALWAYS_EMBED_SWIFT_STANDARD_LIBRARIES = YES;
				ASSETCATALOG_COMPILER_APPICON_NAME = AppIcon;
				CODE_SIGN_ENTITLEMENTS = PlaygroundFolder/PlaygroundFolder.entitlements;
				CODE_SIGN_STYLE = Automatic;
				COMBINE_HIDPI_IMAGES = YES;
				DEVELOPMENT_ASSET_PATHS = "";
				ENABLE_PREVIEWS = YES;
				INFOPLIST_FILE = PlaygroundFolder/Info.plist;
				LD_RUNPATH_SEARCH_PATHS = (
					"$(inherited)",
					"@executable_path/../Frameworks",
				);
				MACOSX_DEPLOYMENT_TARGET = 10.15;
				PRODUCT_BUNDLE_IDENTIFIER = com.PlaygroundFolder;
				PRODUCT_NAME = "$(TARGET_NAME)";
				SWIFT_VERSION = 5.0;
			};
			name = Release;
		};
		EFC05B9D2512B469000DC352 /* Debug */ = {
			isa = XCBuildConfiguration;
			buildSettings = {
				CODE_SIGN_ENTITLEMENTS = PlaygroundFolderFinderSync/PlaygroundFolderFinderSync.entitlements;
				CODE_SIGN_STYLE = Automatic;
				COMBINE_HIDPI_IMAGES = YES;
				INFOPLIST_FILE = PlaygroundFolderFinderSync/Info.plist;
				LD_RUNPATH_SEARCH_PATHS = (
					"$(inherited)",
					"@executable_path/../Frameworks",
					"@executable_path/../../../../Frameworks",
				);
				PRODUCT_BUNDLE_IDENTIFIER = com.PlaygroundFolder.PlaygroundFolderFinderSync;
				PRODUCT_NAME = "$(TARGET_NAME)";
				SKIP_INSTALL = YES;
				SWIFT_VERSION = 5.0;
			};
			name = Debug;
		};
		EFC05B9E2512B469000DC352 /* Release */ = {
			isa = XCBuildConfiguration;
			buildSettings = {
				CODE_SIGN_ENTITLEMENTS = PlaygroundFolderFinderSync/PlaygroundFolderFinderSync.entitlements;
				CODE_SIGN_STYLE = Automatic;
				COMBINE_HIDPI_IMAGES = YES;
				INFOPLIST_FILE = PlaygroundFolderFinderSync/Info.plist;
				LD_RUNPATH_SEARCH_PATHS = (
					"$(inherited)",
					"@executable_path/../Frameworks",
					"@executable_path/../../../../Frameworks",
				);
				PRODUCT_BUNDLE_IDENTIFIER = com.PlaygroundFolder.PlaygroundFolderFinderSync;
				PRODUCT_NAME = "$(TARGET_NAME)";
				SKIP_INSTALL = YES;
				SWIFT_VERSION = 5.0;
			};
			name = Release;
		};
/* End XCBuildConfiguration section */

/* Begin XCConfigurationList section */
		EFC05B6C2512B31A000DC352 /* Build configuration list for PBXProject "PlaygroundFolder" */ = {
			isa = XCConfigurationList;
			buildConfigurations = (
				EFC05B822512B31B000DC352 /* Debug */,
				EFC05B832512B31B000DC352 /* Release */,
			);
			defaultConfigurationIsVisible = 0;
			defaultConfigurationName = Release;
		};
		EFC05B842512B31B000DC352 /* Build configuration list for PBXNativeTarget "PlaygroundFolder" */ = {
			isa = XCConfigurationList;
			buildConfigurations = (
				EFC05B852512B31B000DC352 /* Debug */,
				EFC05B862512B31B000DC352 /* Release */,
			);
			defaultConfigurationIsVisible = 0;
			defaultConfigurationName = Release;
		};
		EFC05B9C2512B469000DC352 /* Build configuration list for PBXNativeTarget "PlaygroundFolderFinderSync" */ = {
			isa = XCConfigurationList;
			buildConfigurations = (
				EFC05B9D2512B469000DC352 /* Debug */,
				EFC05B9E2512B469000DC352 /* Release */,
			);
			defaultConfigurationIsVisible = 0;
			defaultConfigurationName = Release;
		};
/* End XCConfigurationList section */
	};
	rootObject = EFC05B692512B31A000DC352 /* Project object */;
}
